
Microsoft Visual Studio Solution File, Format Version 12.00
# Visual Studio 15
VisualStudioVersion = 15.0.27428.2043
MinimumVisualStudioVersion = 10.0.40219.1
Project("{9A19103F-16F7-4668-BE54-9A1E7A4F7556}") = "SSO.OAuth", "SSO.OAuth\SSO.OAuth.csproj", "{25A57E9C-4C84-4D8F-9C4A-ECBF1F2E7A79}"
EndProject
Project("{9A19103F-16F7-4668-BE54-9A1E7A4F7556}") = "SSO.Web", "SSO.Web\SSO.Web.csproj", "{76ADF6FD-C2AF-4D1C-8F9D-FC5C2F49B5EA}"
EndProject
Project("{FAE04EC0-301F-11D3-BF4B-00C04F79EFBC}") = "SSO.Data", "SSO.Data\SSO.Data.csproj", "{866AA2AB-6D7E-4B6F-9DCA-51BA500A4176}"
EndProject
Global
	GlobalSection(SolutionConfigurationPlatforms) = preSolution
		Debug|Any CPU = Debug|Any CPU
		Release|Any CPU = Release|Any CPU
	EndGlobalSection
	GlobalSection(ProjectConfigurationPlatforms) = postSolution
		{25A57E9C-4C84-4D8F-9C4A-ECBF1F2E7A79}.Debug|Any CPU.ActiveCfg = Debug|Any CPU
		{25A57E9C-4C84-4D8F-9C4A-ECBF1F2E7A79}.Debug|Any CPU.Build.0 = Debug|Any CPU
		{25A57E9C-4C84-4D8F-9C4A-ECBF1F2E7A79}.Release|Any CPU.ActiveCfg = Release|Any CPU
		{25A57E9C-4C84-4D8F-9C4A-ECBF1F2E7A79}.Release|Any CPU.Build.0 = Release|Any CPU
		{76ADF6FD-C2AF-4D1C-8F9D-FC5C2F49B5EA}.Debug|Any CPU.ActiveCfg = Debug|Any CPU
		{76ADF6FD-C2AF-4D1C-8F9D-FC5C2F49B5EA}.Debug|Any CPU.Build.0 = Debug|Any CPU
		{76ADF6FD-C2AF-4D1C-8F9D-FC5C2F49B5EA}.Release|Any CPU.ActiveCfg = Release|Any CPU
		{76ADF6FD-C2AF-4D1C-8F9D-FC5C2F49B5EA}.Release|Any CPU.Build.0 = Release|Any CPU
		{866AA2AB-6D7E-4B6F-9DCA-51BA500A4176}.Debug|Any CPU.ActiveCfg = Debug|Any CPU
		{866AA2AB-6D7E-4B6F-9DCA-51BA500A4176}.Debug|Any CPU.Build.0 = Debug|Any CPU
		{866AA2AB-6D7E-4B6F-9DCA-51BA500A4176}.Release|Any CPU.ActiveCfg = Release|Any CPU
		{866AA2AB-6D7E-4B6F-9DCA-51BA500A4176}.Release|Any CPU.Build.0 = Release|Any CPU
	EndGlobalSection
	GlobalSection(SolutionProperties) = preSolution
		HideSolutionNode = FALSE
	EndGlobalSection
	GlobalSection(ExtensibilityGlobals) = postSolution
		SolutionGuid = {425EDECA-9A00-4CAD-8E9B-70E52052D1B3}
	EndGlobalSection
EndGlobal
